
Microsoft Visual Studio Solution File, Format Version 12.00
# Visual Studio Version 16
VisualStudioVersion = 16.0.32106.194
MinimumVisualStudioVersion = 10.0.40219.1
Project("{FAE04EC0-301F-11D3-BF4B-00C04F79EFBC}") = "locationserver", "locationserver\locationserver.csproj", "{FEC5C0FB-F605-40A5-9D98-82DC315651C0}"
EndProject
Global
	GlobalSection(SolutionConfigurationPlatforms) = preSolution
		Debug|Any CPU = Debug|Any CPU
		Release|Any CPU = Release|Any CPU
	EndGlobalSection
	GlobalSection(ProjectConfigurationPlatforms) = postSolution
		{FEC5C0FB-F605-40A5-9D98-82DC315651C0}.Debug|Any CPU.ActiveCfg = Debug|Any CPU
		{FEC5C0FB-F605-40A5-9D98-82DC315651C0}.Debug|Any CPU.Build.0 = Debug|Any CPU
		{FEC5C0FB-F605-40A5-9D98-82DC315651C0}.Release|Any CPU.ActiveCfg = Release|Any CPU
		{FEC5C0FB-F605-40A5-9D98-82DC315651C0}.Release|Any CPU.Build.0 = Release|Any CPU
	EndGlobalSection
	GlobalSection(SolutionProperties) = preSolution
		HideSolutionNode = FALSE
	EndGlobalSection
	GlobalSection(ExtensibilityGlobals) = postSolution
		SolutionGuid = {5A69989B-9809-4685-A800-79E1DF4E2902}
	EndGlobalSection
EndGlobal
